
Microsoft Visual Studio Solution File, Format Version 12.00
# Visual Studio Version 17
VisualStudioVersion = 17.0.31903.59
MinimumVisualStudioVersion = 10.0.40219.1
Project("{2150E333-8FDC-42A3-9474-1A3956D46DE8}") = "src", "src", "{504417C0-0D42-43B7-9EDC-C70B4C308439}"
EndProject
Project("{FAE04EC0-301F-11D3-BF4B-00C04F79EFBC}") = "KeeKee.Renderer", "src\KeeKee.Renderer\KeeKee.Renderer.csproj", "{2D851623-9B35-4EC1-B6F0-D36688208BA0}"
EndProject
# Project("{FAE04EC0-301F-11D3-BF4B-00C04F79EFBC}") = "KeeKee.Renderer.OGL", "src\KeeKee.Renderer.OGL\KeeKee.Renderer.OGL.csproj", "{B1BA845A-E188-4DEF-B672-FC5B41DE9C30}"
# EndProject
Project("{FAE04EC0-301F-11D3-BF4B-00C04F79EFBC}") = "KeeKee.Comm.LLLP", "src\KeeKee.Comm.LLLP\KeeKee.Comm.LLLP.csproj", "{A2388A45-73A3-42BB-8FF0-FAE350D7BAAC}"
EndProject
Project("{FAE04EC0-301F-11D3-BF4B-00C04F79EFBC}") = "KeeKee.Renderer.Map", "src\KeeKee.Renderer.Map\KeeKee.Renderer.Map.csproj", "{F44D4CFB-B918-49A2-A6E1-4655C57A8AE3}"
EndProject
Project("{FAE04EC0-301F-11D3-BF4B-00C04F79EFBC}") = "KeeKee.World", "src\KeeKee.World\KeeKee.World.csproj", "{B60CF022-A7DB-4E24-83C5-FE6D1833F6A1}"
EndProject
Project("{FAE04EC0-301F-11D3-BF4B-00C04F79EFBC}") = "KeeKee.World.Services", "src\KeeKee.World.Services\KeeKee.World.Services.csproj", "{F278E3A9-585B-4332-94B9-F2DBD50C8935}"
EndProject
Project("{FAE04EC0-301F-11D3-BF4B-00C04F79EFBC}") = "KeeKee.Framework", "src\KeeKee.Framework\KeeKee.Framework.csproj", "{3F9052DB-D793-4230-B318-7CBBA2753A07}"
EndProject
Project("{FAE04EC0-301F-11D3-BF4B-00C04F79EFBC}") = "KeeKee.Comm", "src\KeeKee.Comm\KeeKee.Comm.csproj", "{010233E5-E5F5-4CCA-8F22-9CD592750E87}"
EndProject
Project("{FAE04EC0-301F-11D3-BF4B-00C04F79EFBC}") = "KeeKee.World.LL", "src\KeeKee.World.LL\KeeKee.World.LL.csproj", "{34FC174C-357C-4D33-A488-9263C0DC587B}"
EndProject
Project("{FAE04EC0-301F-11D3-BF4B-00C04F79EFBC}") = "KeeKee", "src\KeeKee\KeeKee.csproj", "{A1C1832C-4E69-41DE-8F6A-D768AC80EB45}"
EndProject
Project("{FAE04EC0-301F-11D3-BF4B-00C04F79EFBC}") = "KeeKee.Rest", "src\KeeKee.Rest\KeeKee.Rest.csproj", "{93528CAC-3377-484F-888A-6349AD8F26F4}"
EndProject
# Project("{FAE04EC0-301F-11D3-BF4B-00C04F79EFBC}") = "KeeKee.View", "src\KeeKee.View\KeeKee.View.csproj", "{A4E67105-7C64-4C04-A175-5150591F7AFD}"
# EndProject
Project("{FAE04EC0-301F-11D3-BF4B-00C04F79EFBC}") = "KeeKee.Config", "src\KeeKee.Config\KeeKee.Config.csproj", "{A98CB26D-9ADB-41A6-A00D-F72192C5238A}"
EndProject
Global
	GlobalSection(SolutionConfigurationPlatforms) = preSolution
		Debug|Any CPU = Debug|Any CPU
		Release|Any CPU = Release|Any CPU
	EndGlobalSection
	GlobalSection(SolutionProperties) = preSolution
		HideSolutionNode = FALSE
	EndGlobalSection
	GlobalSection(ProjectConfigurationPlatforms) = postSolution
		{2D851623-9B35-4EC1-B6F0-D36688208BA0}.Debug|Any CPU.ActiveCfg = Debug|Any CPU
		{2D851623-9B35-4EC1-B6F0-D36688208BA0}.Debug|Any CPU.Build.0 = Debug|Any CPU
		{2D851623-9B35-4EC1-B6F0-D36688208BA0}.Release|Any CPU.ActiveCfg = Release|Any CPU
		{2D851623-9B35-4EC1-B6F0-D36688208BA0}.Release|Any CPU.Build.0 = Release|Any CPU
		# {B1BA845A-E188-4DEF-B672-FC5B41DE9C30}.Debug|Any CPU.ActiveCfg = Debug|Any CPU
		# {B1BA845A-E188-4DEF-B672-FC5B41DE9C30}.Debug|Any CPU.Build.0 = Debug|Any CPU
		# {B1BA845A-E188-4DEF-B672-FC5B41DE9C30}.Release|Any CPU.ActiveCfg = Release|Any CPU
		# {B1BA845A-E188-4DEF-B672-FC5B41DE9C30}.Release|Any CPU.Build.0 = Release|Any CPU
		{A2388A45-73A3-42BB-8FF0-FAE350D7BAAC}.Debug|Any CPU.ActiveCfg = Debug|Any CPU
		{A2388A45-73A3-42BB-8FF0-FAE350D7BAAC}.Debug|Any CPU.Build.0 = Debug|Any CPU
		{A2388A45-73A3-42BB-8FF0-FAE350D7BAAC}.Release|Any CPU.ActiveCfg = Release|Any CPU
		{A2388A45-73A3-42BB-8FF0-FAE350D7BAAC}.Release|Any CPU.Build.0 = Release|Any CPU
		{F44D4CFB-B918-49A2-A6E1-4655C57A8AE3}.Debug|Any CPU.ActiveCfg = Debug|Any CPU
		{F44D4CFB-B918-49A2-A6E1-4655C57A8AE3}.Debug|Any CPU.Build.0 = Debug|Any CPU
		{F44D4CFB-B918-49A2-A6E1-4655C57A8AE3}.Release|Any CPU.ActiveCfg = Release|Any CPU
		{F44D4CFB-B918-49A2-A6E1-4655C57A8AE3}.Release|Any CPU.Build.0 = Release|Any CPU
		{B60CF022-A7DB-4E24-83C5-FE6D1833F6A1}.Debug|Any CPU.ActiveCfg = Debug|Any CPU
		{B60CF022-A7DB-4E24-83C5-FE6D1833F6A1}.Debug|Any CPU.Build.0 = Debug|Any CPU
		{B60CF022-A7DB-4E24-83C5-FE6D1833F6A1}.Release|Any CPU.ActiveCfg = Release|Any CPU
		{B60CF022-A7DB-4E24-83C5-FE6D1833F6A1}.Release|Any CPU.Build.0 = Release|Any CPU
		{F278E3A9-585B-4332-94B9-F2DBD50C8935}.Debug|Any CPU.ActiveCfg = Debug|Any CPU
		{F278E3A9-585B-4332-94B9-F2DBD50C8935}.Debug|Any CPU.Build.0 = Debug|Any CPU
		{F278E3A9-585B-4332-94B9-F2DBD50C8935}.Release|Any CPU.ActiveCfg = Release|Any CPU
		{F278E3A9-585B-4332-94B9-F2DBD50C8935}.Release|Any CPU.Build.0 = Release|Any CPU
		{3F9052DB-D793-4230-B318-7CBBA2753A07}.Debug|Any CPU.ActiveCfg = Debug|Any CPU
		{3F9052DB-D793-4230-B318-7CBBA2753A07}.Debug|Any CPU.Build.0 = Debug|Any CPU
		{3F9052DB-D793-4230-B318-7CBBA2753A07}.Release|Any CPU.ActiveCfg = Release|Any CPU
		{3F9052DB-D793-4230-B318-7CBBA2753A07}.Release|Any CPU.Build.0 = Release|Any CPU
		{010233E5-E5F5-4CCA-8F22-9CD592750E87}.Debug|Any CPU.ActiveCfg = Debug|Any CPU
		{010233E5-E5F5-4CCA-8F22-9CD592750E87}.Debug|Any CPU.Build.0 = Debug|Any CPU
		{010233E5-E5F5-4CCA-8F22-9CD592750E87}.Release|Any CPU.ActiveCfg = Release|Any CPU
		{010233E5-E5F5-4CCA-8F22-9CD592750E87}.Release|Any CPU.Build.0 = Release|Any CPU
		{34FC174C-357C-4D33-A488-9263C0DC587B}.Debug|Any CPU.ActiveCfg = Debug|Any CPU
		{34FC174C-357C-4D33-A488-9263C0DC587B}.Debug|Any CPU.Build.0 = Debug|Any CPU
		{34FC174C-357C-4D33-A488-9263C0DC587B}.Release|Any CPU.ActiveCfg = Release|Any CPU
		{34FC174C-357C-4D33-A488-9263C0DC587B}.Release|Any CPU.Build.0 = Release|Any CPU
		{A1C1832C-4E69-41DE-8F6A-D768AC80EB45}.Debug|Any CPU.ActiveCfg = Debug|Any CPU
		{A1C1832C-4E69-41DE-8F6A-D768AC80EB45}.Debug|Any CPU.Build.0 = Debug|Any CPU
		{A1C1832C-4E69-41DE-8F6A-D768AC80EB45}.Release|Any CPU.ActiveCfg = Release|Any CPU
		{A1C1832C-4E69-41DE-8F6A-D768AC80EB45}.Release|Any CPU.Build.0 = Release|Any CPU
		{93528CAC-3377-484F-888A-6349AD8F26F4}.Debug|Any CPU.ActiveCfg = Debug|Any CPU
		{93528CAC-3377-484F-888A-6349AD8F26F4}.Debug|Any CPU.Build.0 = Debug|Any CPU
		{93528CAC-3377-484F-888A-6349AD8F26F4}.Release|Any CPU.ActiveCfg = Release|Any CPU
		{93528CAC-3377-484F-888A-6349AD8F26F4}.Release|Any CPU.Build.0 = Release|Any CPU
		# {A4E67105-7C64-4C04-A175-5150591F7AFD}.Debug|Any CPU.ActiveCfg = Debug|Any CPU
		# {A4E67105-7C64-4C04-A175-5150591F7AFD}.Debug|Any CPU.Build.0 = Debug|Any CPU
		# {A4E67105-7C64-4C04-A175-5150591F7AFD}.Release|Any CPU.ActiveCfg = Release|Any CPU
		# {A4E67105-7C64-4C04-A175-5150591F7AFD}.Release|Any CPU.Build.0 = Release|Any CPU
		{A98CB26D-9ADB-41A6-A00D-F72192C5238A}.Debug|Any CPU.ActiveCfg = Debug|Any CPU
		{A98CB26D-9ADB-41A6-A00D-F72192C5238A}.Debug|Any CPU.Build.0 = Debug|Any CPU
		{A98CB26D-9ADB-41A6-A00D-F72192C5238A}.Release|Any CPU.ActiveCfg = Release|Any CPU
		{A98CB26D-9ADB-41A6-A00D-F72192C5238A}.Release|Any CPU.Build.0 = Release|Any CPU
	EndGlobalSection
	GlobalSection(NestedProjects) = preSolution
		{2D851623-9B35-4EC1-B6F0-D36688208BA0} = {504417C0-0D42-43B7-9EDC-C70B4C308439}
		# {B1BA845A-E188-4DEF-B672-FC5B41DE9C30} = {504417C0-0D42-43B7-9EDC-C70B4C308439}
		{A2388A45-73A3-42BB-8FF0-FAE350D7BAAC} = {504417C0-0D42-43B7-9EDC-C70B4C308439}
		{F44D4CFB-B918-49A2-A6E1-4655C57A8AE3} = {504417C0-0D42-43B7-9EDC-C70B4C308439}
		{B60CF022-A7DB-4E24-83C5-FE6D1833F6A1} = {504417C0-0D42-43B7-9EDC-C70B4C308439}
		{F278E3A9-585B-4332-94B9-F2DBD50C8935} = {504417C0-0D42-43B7-9EDC-C70B4C308439}
		{3F9052DB-D793-4230-B318-7CBBA2753A07} = {504417C0-0D42-43B7-9EDC-C70B4C308439}
		{010233E5-E5F5-4CCA-8F22-9CD592750E87} = {504417C0-0D42-43B7-9EDC-C70B4C308439}
		{34FC174C-357C-4D33-A488-9263C0DC587B} = {504417C0-0D42-43B7-9EDC-C70B4C308439}
		{A1C1832C-4E69-41DE-8F6A-D768AC80EB45} = {504417C0-0D42-43B7-9EDC-C70B4C308439}
		{93528CAC-3377-484F-888A-6349AD8F26F4} = {504417C0-0D42-43B7-9EDC-C70B4C308439}
		# {A4E67105-7C64-4C04-A175-5150591F7AFD} = {504417C0-0D42-43B7-9EDC-C70B4C308439}
		{A98CB26D-9ADB-41A6-A00D-F72192C5238A} = {504417C0-0D42-43B7-9EDC-C70B4C308439}
	EndGlobalSection
EndGlobal
